
Microsoft Visual Studio Solution File, Format Version 12.00
# Visual Studio Version 17
VisualStudioVersion = 17.0.31903.59
MinimumVisualStudioVersion = 10.0.40219.1
Project("{2150E333-8FDC-42A3-9474-1A3956D46DE8}") = "Data", "Data", "{966F5520-B2FE-468B-95EE-56B5163A25C7}"
EndProject
Project("{2150E333-8FDC-42A3-9474-1A3956D46DE8}") = "Systems", "Systems", "{CC9D92A0-B5A0-4D43-9EEC-BAA5A9BEDDDD}"
EndProject
Project("{2150E333-8FDC-42A3-9474-1A3956D46DE8}") = "Services", "Services", "{3EF2DF5A-9E09-42CB-975D-A949F17D7DCB}"
EndProject
Project("{2150E333-8FDC-42A3-9474-1A3956D46DE8}") = "Shared", "Shared", "{A85C6952-194D-48E9-8BD9-E341C150AA47}"
EndProject
Project("{2150E333-8FDC-42A3-9474-1A3956D46DE8}") = "Migrations", "Migrations", "{C0534395-731F-4710-9475-B58AA28FAC1F}"
EndProject
Project("{2150E333-8FDC-42A3-9474-1A3956D46DE8}") = "Api", "Api", "{E040E0EF-0FA9-4B8A-9443-429582BA2876}"
EndProject
Project("{2150E333-8FDC-42A3-9474-1A3956D46DE8}") = "Identity", "Identity", "{7DB06E10-7317-4C37-BD27-FABECC425A75}"
EndProject
Project("{9A19103F-16F7-4668-BE54-9A1E7A4F7556}") = "PromoWeb.Api", "Systems\Api\PromoWeb.Api\PromoWeb.Api.csproj", "{F992C211-CA78-44D9-B6D0-9DD097F1CC10}"
EndProject
Project("{9A19103F-16F7-4668-BE54-9A1E7A4F7556}") = "PromoWeb.Identity", "Systems\Identity\PromoWeb.Identity\PromoWeb.Identity.csproj", "{819CAF8B-FD6A-4A3A-9916-D84807259057}"
EndProject
Project("{9A19103F-16F7-4668-BE54-9A1E7A4F7556}") = "PromoWeb.Common", "Shared\PromoWeb.Common\PromoWeb.Common.csproj", "{BBA2A0C0-F7B4-4E4A-9794-BC3277CCB9EB}"
EndProject
Project("{9A19103F-16F7-4668-BE54-9A1E7A4F7556}") = "PromoWeb.Services.Settings", "Services\PromoWeb.Services.Settings\PromoWeb.Services.Settings.csproj", "{C63066D2-49F1-4095-BBDB-5E56C7369C12}"
EndProject
Project("{9A19103F-16F7-4668-BE54-9A1E7A4F7556}") = "PromoWeb.Settings", "Shared\PromoWeb.Settings\PromoWeb.Settings.csproj", "{63D1909C-C398-4A30-8405-A3AB012BFACD}"
EndProject
Project("{9A19103F-16F7-4668-BE54-9A1E7A4F7556}") = "PromoWeb.Context", "Data\PromoWeb.Context\PromoWeb.Context.csproj", "{4F8BCD51-94C9-4697-8B33-A5FCCAC14E1F}"
EndProject
Project("{9A19103F-16F7-4668-BE54-9A1E7A4F7556}") = "PromoWeb.Context.Entities", "Data\PromoWeb.Context.Entities\PromoWeb.Context.Entities.csproj", "{1F65C1E6-CD3E-4587-AA0C-9CDC41D1D7D3}"
EndProject
Project("{9A19103F-16F7-4668-BE54-9A1E7A4F7556}") = "PromoWeb.Context.MigrationsPostgreSQL", "Data\Migrations\PromoWeb.Context.MigrationsPostgreSQL\PromoWeb.Context.MigrationsPostgreSQL.csproj", "{2A05A5CB-30AA-4328-AC2B-D12CD6621646}"
EndProject
Project("{9A19103F-16F7-4668-BE54-9A1E7A4F7556}") = "PromoWeb.Services.Answers", "Services\PromoWeb.Services.Answers\PromoWeb.Services.Answers.csproj", "{CDDC5C2D-B39A-4BF4-BAC4-D7A8997EBEF4}"
EndProject
Project("{9A19103F-16F7-4668-BE54-9A1E7A4F7556}") = "PromoWeb.Services.AppInfos", "Services\PromoWeb.Services.AppInfos\PromoWeb.Services.AppInfos.csproj", "{087E928E-7A24-47FA-88F4-AC3B5E62C465}"
EndProject
Project("{9A19103F-16F7-4668-BE54-9A1E7A4F7556}") = "PromoWeb.Services.Questions", "Services\PromoWeb.Services.Questions\PromoWeb.Services.Questions.csproj", "{6718C11B-3504-4F03-ADEF-F7DD701F7B3B}"
EndProject
Project("{9A19103F-16F7-4668-BE54-9A1E7A4F7556}") = "PromoWeb.Services.Contacts", "Services\PromoWeb.Services.Contacts\PromoWeb.Services.Contacts.csproj", "{E87790FF-CA9B-4138-8462-6ADBA05A6868}"
EndProject
Project("{9A19103F-16F7-4668-BE54-9A1E7A4F7556}") = "PromoWeb.Services.Links", "Services\PromoWeb.Services.Links\PromoWeb.Services.Links.csproj", "{8358DCF7-0D43-4892-8E93-2CBA3DCF50A5}"
EndProject
Project("{9A19103F-16F7-4668-BE54-9A1E7A4F7556}") = "PromoWeb.Services.Sections", "Services\PromoWeb.Services.Sections\PromoWeb.Services.Sections.csproj", "{EBBE0783-B6C4-42EB-A436-6227B4570511}"
EndProject
Project("{9A19103F-16F7-4668-BE54-9A1E7A4F7556}") = "PromoWeb.Services.Images", "Services\PromoWeb.Services.Images\PromoWeb.Services.Images.csproj", "{6C152029-714B-4CD2-95B5-56D8DC9CD2AE}"
EndProject
Global
	GlobalSection(SolutionConfigurationPlatforms) = preSolution
		Debug|Any CPU = Debug|Any CPU
		Release|Any CPU = Release|Any CPU
	EndGlobalSection
	GlobalSection(ProjectConfigurationPlatforms) = postSolution
		{F992C211-CA78-44D9-B6D0-9DD097F1CC10}.Debug|Any CPU.ActiveCfg = Debug|Any CPU
		{F992C211-CA78-44D9-B6D0-9DD097F1CC10}.Debug|Any CPU.Build.0 = Debug|Any CPU
		{F992C211-CA78-44D9-B6D0-9DD097F1CC10}.Release|Any CPU.ActiveCfg = Release|Any CPU
		{F992C211-CA78-44D9-B6D0-9DD097F1CC10}.Release|Any CPU.Build.0 = Release|Any CPU
		{819CAF8B-FD6A-4A3A-9916-D84807259057}.Debug|Any CPU.ActiveCfg = Debug|Any CPU
		{819CAF8B-FD6A-4A3A-9916-D84807259057}.Debug|Any CPU.Build.0 = Debug|Any CPU
		{819CAF8B-FD6A-4A3A-9916-D84807259057}.Release|Any CPU.ActiveCfg = Release|Any CPU
		{819CAF8B-FD6A-4A3A-9916-D84807259057}.Release|Any CPU.Build.0 = Release|Any CPU
		{BBA2A0C0-F7B4-4E4A-9794-BC3277CCB9EB}.Debug|Any CPU.ActiveCfg = Debug|Any CPU
		{BBA2A0C0-F7B4-4E4A-9794-BC3277CCB9EB}.Debug|Any CPU.Build.0 = Debug|Any CPU
		{BBA2A0C0-F7B4-4E4A-9794-BC3277CCB9EB}.Release|Any CPU.ActiveCfg = Release|Any CPU
		{BBA2A0C0-F7B4-4E4A-9794-BC3277CCB9EB}.Release|Any CPU.Build.0 = Release|Any CPU
		{C63066D2-49F1-4095-BBDB-5E56C7369C12}.Debug|Any CPU.ActiveCfg = Debug|Any CPU
		{C63066D2-49F1-4095-BBDB-5E56C7369C12}.Debug|Any CPU.Build.0 = Debug|Any CPU
		{C63066D2-49F1-4095-BBDB-5E56C7369C12}.Release|Any CPU.ActiveCfg = Release|Any CPU
		{C63066D2-49F1-4095-BBDB-5E56C7369C12}.Release|Any CPU.Build.0 = Release|Any CPU
		{63D1909C-C398-4A30-8405-A3AB012BFACD}.Debug|Any CPU.ActiveCfg = Debug|Any CPU
		{63D1909C-C398-4A30-8405-A3AB012BFACD}.Debug|Any CPU.Build.0 = Debug|Any CPU
		{63D1909C-C398-4A30-8405-A3AB012BFACD}.Release|Any CPU.ActiveCfg = Release|Any CPU
		{63D1909C-C398-4A30-8405-A3AB012BFACD}.Release|Any CPU.Build.0 = Release|Any CPU
		{4F8BCD51-94C9-4697-8B33-A5FCCAC14E1F}.Debug|Any CPU.ActiveCfg = Debug|Any CPU
		{4F8BCD51-94C9-4697-8B33-A5FCCAC14E1F}.Debug|Any CPU.Build.0 = Debug|Any CPU
		{4F8BCD51-94C9-4697-8B33-A5FCCAC14E1F}.Release|Any CPU.ActiveCfg = Release|Any CPU
		{4F8BCD51-94C9-4697-8B33-A5FCCAC14E1F}.Release|Any CPU.Build.0 = Release|Any CPU
		{1F65C1E6-CD3E-4587-AA0C-9CDC41D1D7D3}.Debug|Any CPU.ActiveCfg = Debug|Any CPU
		{1F65C1E6-CD3E-4587-AA0C-9CDC41D1D7D3}.Debug|Any CPU.Build.0 = Debug|Any CPU
		{1F65C1E6-CD3E-4587-AA0C-9CDC41D1D7D3}.Release|Any CPU.ActiveCfg = Release|Any CPU
		{1F65C1E6-CD3E-4587-AA0C-9CDC41D1D7D3}.Release|Any CPU.Build.0 = Release|Any CPU
		{2A05A5CB-30AA-4328-AC2B-D12CD6621646}.Debug|Any CPU.ActiveCfg = Debug|Any CPU
		{2A05A5CB-30AA-4328-AC2B-D12CD6621646}.Debug|Any CPU.Build.0 = Debug|Any CPU
		{2A05A5CB-30AA-4328-AC2B-D12CD6621646}.Release|Any CPU.ActiveCfg = Release|Any CPU
		{2A05A5CB-30AA-4328-AC2B-D12CD6621646}.Release|Any CPU.Build.0 = Release|Any CPU
		{CDDC5C2D-B39A-4BF4-BAC4-D7A8997EBEF4}.Debug|Any CPU.ActiveCfg = Debug|Any CPU
		{CDDC5C2D-B39A-4BF4-BAC4-D7A8997EBEF4}.Debug|Any CPU.Build.0 = Debug|Any CPU
		{CDDC5C2D-B39A-4BF4-BAC4-D7A8997EBEF4}.Release|Any CPU.ActiveCfg = Release|Any CPU
		{CDDC5C2D-B39A-4BF4-BAC4-D7A8997EBEF4}.Release|Any CPU.Build.0 = Release|Any CPU
		{087E928E-7A24-47FA-88F4-AC3B5E62C465}.Debug|Any CPU.ActiveCfg = Debug|Any CPU
		{087E928E-7A24-47FA-88F4-AC3B5E62C465}.Debug|Any CPU.Build.0 = Debug|Any CPU
		{087E928E-7A24-47FA-88F4-AC3B5E62C465}.Release|Any CPU.ActiveCfg = Release|Any CPU
		{087E928E-7A24-47FA-88F4-AC3B5E62C465}.Release|Any CPU.Build.0 = Release|Any CPU
		{6718C11B-3504-4F03-ADEF-F7DD701F7B3B}.Debug|Any CPU.ActiveCfg = Debug|Any CPU
		{6718C11B-3504-4F03-ADEF-F7DD701F7B3B}.Debug|Any CPU.Build.0 = Debug|Any CPU
		{6718C11B-3504-4F03-ADEF-F7DD701F7B3B}.Release|Any CPU.ActiveCfg = Release|Any CPU
		{6718C11B-3504-4F03-ADEF-F7DD701F7B3B}.Release|Any CPU.Build.0 = Release|Any CPU
		{E87790FF-CA9B-4138-8462-6ADBA05A6868}.Debug|Any CPU.ActiveCfg = Debug|Any CPU
		{E87790FF-CA9B-4138-8462-6ADBA05A6868}.Debug|Any CPU.Build.0 = Debug|Any CPU
		{E87790FF-CA9B-4138-8462-6ADBA05A6868}.Release|Any CPU.ActiveCfg = Release|Any CPU
		{E87790FF-CA9B-4138-8462-6ADBA05A6868}.Release|Any CPU.Build.0 = Release|Any CPU
		{8358DCF7-0D43-4892-8E93-2CBA3DCF50A5}.Debug|Any CPU.ActiveCfg = Debug|Any CPU
		{8358DCF7-0D43-4892-8E93-2CBA3DCF50A5}.Debug|Any CPU.Build.0 = Debug|Any CPU
		{8358DCF7-0D43-4892-8E93-2CBA3DCF50A5}.Release|Any CPU.ActiveCfg = Release|Any CPU
		{8358DCF7-0D43-4892-8E93-2CBA3DCF50A5}.Release|Any CPU.Build.0 = Release|Any CPU
		{EBBE0783-B6C4-42EB-A436-6227B4570511}.Debug|Any CPU.ActiveCfg = Debug|Any CPU
		{EBBE0783-B6C4-42EB-A436-6227B4570511}.Debug|Any CPU.Build.0 = Debug|Any CPU
		{EBBE0783-B6C4-42EB-A436-6227B4570511}.Release|Any CPU.ActiveCfg = Release|Any CPU
		{EBBE0783-B6C4-42EB-A436-6227B4570511}.Release|Any CPU.Build.0 = Release|Any CPU
		{6C152029-714B-4CD2-95B5-56D8DC9CD2AE}.Debug|Any CPU.ActiveCfg = Debug|Any CPU
		{6C152029-714B-4CD2-95B5-56D8DC9CD2AE}.Debug|Any CPU.Build.0 = Debug|Any CPU
		{6C152029-714B-4CD2-95B5-56D8DC9CD2AE}.Release|Any CPU.ActiveCfg = Release|Any CPU
		{6C152029-714B-4CD2-95B5-56D8DC9CD2AE}.Release|Any CPU.Build.0 = Release|Any CPU
	EndGlobalSection
	GlobalSection(SolutionProperties) = preSolution
		HideSolutionNode = FALSE
	EndGlobalSection
	GlobalSection(NestedProjects) = preSolution
		{C0534395-731F-4710-9475-B58AA28FAC1F} = {966F5520-B2FE-468B-95EE-56B5163A25C7}
		{E040E0EF-0FA9-4B8A-9443-429582BA2876} = {CC9D92A0-B5A0-4D43-9EEC-BAA5A9BEDDDD}
		{7DB06E10-7317-4C37-BD27-FABECC425A75} = {CC9D92A0-B5A0-4D43-9EEC-BAA5A9BEDDDD}
		{F992C211-CA78-44D9-B6D0-9DD097F1CC10} = {E040E0EF-0FA9-4B8A-9443-429582BA2876}
		{819CAF8B-FD6A-4A3A-9916-D84807259057} = {7DB06E10-7317-4C37-BD27-FABECC425A75}
		{BBA2A0C0-F7B4-4E4A-9794-BC3277CCB9EB} = {A85C6952-194D-48E9-8BD9-E341C150AA47}
		{C63066D2-49F1-4095-BBDB-5E56C7369C12} = {3EF2DF5A-9E09-42CB-975D-A949F17D7DCB}
		{63D1909C-C398-4A30-8405-A3AB012BFACD} = {A85C6952-194D-48E9-8BD9-E341C150AA47}
		{4F8BCD51-94C9-4697-8B33-A5FCCAC14E1F} = {966F5520-B2FE-468B-95EE-56B5163A25C7}
		{1F65C1E6-CD3E-4587-AA0C-9CDC41D1D7D3} = {966F5520-B2FE-468B-95EE-56B5163A25C7}
		{2A05A5CB-30AA-4328-AC2B-D12CD6621646} = {C0534395-731F-4710-9475-B58AA28FAC1F}
		{CDDC5C2D-B39A-4BF4-BAC4-D7A8997EBEF4} = {3EF2DF5A-9E09-42CB-975D-A949F17D7DCB}
		{087E928E-7A24-47FA-88F4-AC3B5E62C465} = {3EF2DF5A-9E09-42CB-975D-A949F17D7DCB}
		{6718C11B-3504-4F03-ADEF-F7DD701F7B3B} = {3EF2DF5A-9E09-42CB-975D-A949F17D7DCB}
		{E87790FF-CA9B-4138-8462-6ADBA05A6868} = {3EF2DF5A-9E09-42CB-975D-A949F17D7DCB}
		{8358DCF7-0D43-4892-8E93-2CBA3DCF50A5} = {3EF2DF5A-9E09-42CB-975D-A949F17D7DCB}
		{EBBE0783-B6C4-42EB-A436-6227B4570511} = {3EF2DF5A-9E09-42CB-975D-A949F17D7DCB}
		{6C152029-714B-4CD2-95B5-56D8DC9CD2AE} = {3EF2DF5A-9E09-42CB-975D-A949F17D7DCB}
	EndGlobalSection
	GlobalSection(ExtensibilityGlobals) = postSolution
		SolutionGuid = {07AAE465-DF07-4CDC-825A-6D9B6DA68405}
	EndGlobalSection
EndGlobal
